// !$*UTF8*$!
{
	archiveVersion = 1;
	classes = {
	};
	objectVersion = 56;
	objects = {

/* Begin PBXBuildFile section */
		D35553A52BD7DDD0003981D0 /* workoutRoutine_flo.json in Resources */ = {isa = PBXBuildFile; fileRef = D35553A42BD7DDD0003981D0 /* workoutRoutine_flo.json */; };
		D3B431F22BD2FD8700D24555 /* RepsView.swift in Sources */ = {isa = PBXBuildFile; fileRef = D3B431F12BD2FD8700D24555 /* RepsView.swift */; };
		D3B59BB42BC41ABF007A9782 /* StartTrainingView.swift in Sources */ = {isa = PBXBuildFile; fileRef = D3B59BB32BC41ABF007A9782 /* StartTrainingView.swift */; };
		D3B59BB62BC42641007A9782 /* TrainingButtonView.swift in Sources */ = {isa = PBXBuildFile; fileRef = D3B59BB52BC42641007A9782 /* TrainingButtonView.swift */; };
		D3B59BB82BC427CF007A9782 /* AppLifecycleModel.swift in Sources */ = {isa = PBXBuildFile; fileRef = D3B59BB72BC427CF007A9782 /* AppLifecycleModel.swift */; };
		D3B59BBA2BC43572007A9782 /* TrainingCompletedView.swift in Sources */ = {isa = PBXBuildFile; fileRef = D3B59BB92BC43572007A9782 /* TrainingCompletedView.swift */; };
		D3B59BBC2BC435FB007A9782 /* TrainingLifecycleView.swift in Sources */ = {isa = PBXBuildFile; fileRef = D3B59BBB2BC435FB007A9782 /* TrainingLifecycleView.swift */; };
		D3B59BCD2BC96FB9007A9782 /* AppLifecycleController.swift in Sources */ = {isa = PBXBuildFile; fileRef = D3B59BCC2BC96FB9007A9782 /* AppLifecycleController.swift */; };
		D3B59BD02BC97025007A9782 /* AppLifecycleControllerTest.swift in Sources */ = {isa = PBXBuildFile; fileRef = D3B59BCF2BC97025007A9782 /* AppLifecycleControllerTest.swift */; };
		D3B59BD22BD10F33007A9782 /* RoutineController.swift in Sources */ = {isa = PBXBuildFile; fileRef = D3B59BD12BD10F33007A9782 /* RoutineController.swift */; };
		D3B59BD62BD1884E007A9782 /* TimerController.swift in Sources */ = {isa = PBXBuildFile; fileRef = D3B59BD52BD1884E007A9782 /* TimerController.swift */; };
		D3B59BDB2BD2A62D007A9782 /* PeriodicTimer.swift in Sources */ = {isa = PBXBuildFile; fileRef = D3B59BDA2BD2A62D007A9782 /* PeriodicTimer.swift */; };
		D3B59BDD2BD2BBA5007A9782 /* TimerControllerTest.swift in Sources */ = {isa = PBXBuildFile; fileRef = D3B59BDC2BD2BBA5007A9782 /* TimerControllerTest.swift */; };
		D3B59BDF2BD2D3E8007A9782 /* Step.swift in Sources */ = {isa = PBXBuildFile; fileRef = D3B59BDE2BD2D3E8007A9782 /* Step.swift */; };
		D3B59BE22BD2D45E007A9782 /* StepTest.swift in Sources */ = {isa = PBXBuildFile; fileRef = D3B59BE12BD2D45E007A9782 /* StepTest.swift */; };
		D3F496482BB6D22A008FB68B /* TrainingView.swift in Sources */ = {isa = PBXBuildFile; fileRef = D3F496472BB6D22A008FB68B /* TrainingView.swift */; };
		D3F4964A2BB6D23F008FB68B /* Assets.xcassets in Resources */ = {isa = PBXBuildFile; fileRef = D3F496492BB6D23F008FB68B /* Assets.xcassets */; };
		D3F4964D2BB6D23F008FB68B /* Preview Assets.xcassets in Resources */ = {isa = PBXBuildFile; fileRef = D3F4964C2BB6D23F008FB68B /* Preview Assets.xcassets */; };
		D3F496562BB6E4A1008FB68B /* TrainingApp.swift in Sources */ = {isa = PBXBuildFile; fileRef = D3F496552BB6E4A1008FB68B /* TrainingApp.swift */; };
		D3F496602BB7029E008FB68B /* workoutRoutine.json in Resources */ = {isa = PBXBuildFile; fileRef = D3F4965F2BB7029E008FB68B /* workoutRoutine.json */; };
		D3F496622BB75B4B008FB68B /* JsonSchemas.swift in Sources */ = {isa = PBXBuildFile; fileRef = D3F496612BB75B4B008FB68B /* JsonSchemas.swift */; };
		D3F496642BB83EFF008FB68B /* RoutineModel.swift in Sources */ = {isa = PBXBuildFile; fileRef = D3F496632BB83EFF008FB68B /* RoutineModel.swift */; };
		D3F4966F2BBC434F008FB68B /* ExerciseView.swift in Sources */ = {isa = PBXBuildFile; fileRef = D3F4966E2BBC434F008FB68B /* ExerciseView.swift */; };
		D3F496732BBD65BD008FB68B /* TimerView.swift in Sources */ = {isa = PBXBuildFile; fileRef = D3F496722BBD65BD008FB68B /* TimerView.swift */; };
		D3F496752BBD86B4008FB68B /* TimedStepModel.swift in Sources */ = {isa = PBXBuildFile; fileRef = D3F496742BBD86B4008FB68B /* TimedStepModel.swift */; };
		D3F496772BBDF4E4008FB68B /* workoutRoutine_real.json in Resources */ = {isa = PBXBuildFile; fileRef = D3F496762BBDF4E4008FB68B /* workoutRoutine_real.json */; };
/* End PBXBuildFile section */

/* Begin PBXContainerItemProxy section */
		D3B59BC52BC96E47007A9782 /* PBXContainerItemProxy */ = {
			isa = PBXContainerItemProxy;
			containerPortal = D3F4963A2BB6D22A008FB68B /* Project object */;
			proxyType = 1;
			remoteGlobalIDString = D3F496412BB6D22A008FB68B;
			remoteInfo = "Training Tracker";
		};
/* End PBXContainerItemProxy section */

/* Begin PBXFileReference section */
		D35553A42BD7DDD0003981D0 /* workoutRoutine_flo.json */ = {isa = PBXFileReference; fileEncoding = 4; lastKnownFileType = text.json; path = workoutRoutine_flo.json; sourceTree = "<group>"; };
		D3B431F12BD2FD8700D24555 /* RepsView.swift */ = {isa = PBXFileReference; lastKnownFileType = sourcecode.swift; path = RepsView.swift; sourceTree = "<group>"; };
		D3B59BB32BC41ABF007A9782 /* StartTrainingView.swift */ = {isa = PBXFileReference; lastKnownFileType = sourcecode.swift; path = StartTrainingView.swift; sourceTree = "<group>"; };
		D3B59BB52BC42641007A9782 /* TrainingButtonView.swift */ = {isa = PBXFileReference; lastKnownFileType = sourcecode.swift; path = TrainingButtonView.swift; sourceTree = "<group>"; };
		D3B59BB72BC427CF007A9782 /* AppLifecycleModel.swift */ = {isa = PBXFileReference; lastKnownFileType = sourcecode.swift; path = AppLifecycleModel.swift; sourceTree = "<group>"; };
		D3B59BB92BC43572007A9782 /* TrainingCompletedView.swift */ = {isa = PBXFileReference; lastKnownFileType = sourcecode.swift; path = TrainingCompletedView.swift; sourceTree = "<group>"; };
		D3B59BBB2BC435FB007A9782 /* TrainingLifecycleView.swift */ = {isa = PBXFileReference; lastKnownFileType = sourcecode.swift; path = TrainingLifecycleView.swift; sourceTree = "<group>"; };
		D3B59BC12BC96E47007A9782 /* Training Tracker Tests.xctest */ = {isa = PBXFileReference; explicitFileType = wrapper.cfbundle; includeInIndex = 0; path = "Training Tracker Tests.xctest"; sourceTree = BUILT_PRODUCTS_DIR; };
		D3B59BCC2BC96FB9007A9782 /* AppLifecycleController.swift */ = {isa = PBXFileReference; lastKnownFileType = sourcecode.swift; path = AppLifecycleController.swift; sourceTree = "<group>"; };
		D3B59BCF2BC97025007A9782 /* AppLifecycleControllerTest.swift */ = {isa = PBXFileReference; lastKnownFileType = sourcecode.swift; path = AppLifecycleControllerTest.swift; sourceTree = "<group>"; };
		D3B59BD12BD10F33007A9782 /* RoutineController.swift */ = {isa = PBXFileReference; lastKnownFileType = sourcecode.swift; path = RoutineController.swift; sourceTree = "<group>"; };
		D3B59BD52BD1884E007A9782 /* TimerController.swift */ = {isa = PBXFileReference; lastKnownFileType = sourcecode.swift; path = TimerController.swift; sourceTree = "<group>"; };
		D3B59BDA2BD2A62D007A9782 /* PeriodicTimer.swift */ = {isa = PBXFileReference; lastKnownFileType = sourcecode.swift; path = PeriodicTimer.swift; sourceTree = "<group>"; };
		D3B59BDC2BD2BBA5007A9782 /* TimerControllerTest.swift */ = {isa = PBXFileReference; lastKnownFileType = sourcecode.swift; path = TimerControllerTest.swift; sourceTree = "<group>"; };
		D3B59BDE2BD2D3E8007A9782 /* Step.swift */ = {isa = PBXFileReference; lastKnownFileType = sourcecode.swift; path = Step.swift; sourceTree = "<group>"; };
		D3B59BE12BD2D45E007A9782 /* StepTest.swift */ = {isa = PBXFileReference; lastKnownFileType = sourcecode.swift; path = StepTest.swift; sourceTree = "<group>"; };
		D3F496422BB6D22A008FB68B /* Training Tracker.app */ = {isa = PBXFileReference; explicitFileType = wrapper.application; includeInIndex = 0; path = "Training Tracker.app"; sourceTree = BUILT_PRODUCTS_DIR; };
		D3F496472BB6D22A008FB68B /* TrainingView.swift */ = {isa = PBXFileReference; lastKnownFileType = sourcecode.swift; path = TrainingView.swift; sourceTree = "<group>"; };
		D3F496492BB6D23F008FB68B /* Assets.xcassets */ = {isa = PBXFileReference; lastKnownFileType = folder.assetcatalog; path = Assets.xcassets; sourceTree = "<group>"; };
		D3F4964C2BB6D23F008FB68B /* Preview Assets.xcassets */ = {isa = PBXFileReference; lastKnownFileType = folder.assetcatalog; path = "Preview Assets.xcassets"; sourceTree = "<group>"; };
		D3F496552BB6E4A1008FB68B /* TrainingApp.swift */ = {isa = PBXFileReference; lastKnownFileType = sourcecode.swift; path = TrainingApp.swift; sourceTree = "<group>"; };
		D3F4965F2BB7029E008FB68B /* workoutRoutine.json */ = {isa = PBXFileReference; lastKnownFileType = text.json; path = workoutRoutine.json; sourceTree = "<group>"; };
		D3F496612BB75B4B008FB68B /* JsonSchemas.swift */ = {isa = PBXFileReference; lastKnownFileType = sourcecode.swift; path = JsonSchemas.swift; sourceTree = "<group>"; };
		D3F496632BB83EFF008FB68B /* RoutineModel.swift */ = {isa = PBXFileReference; lastKnownFileType = sourcecode.swift; path = RoutineModel.swift; sourceTree = "<group>"; };
		D3F4966E2BBC434F008FB68B /* ExerciseView.swift */ = {isa = PBXFileReference; lastKnownFileType = sourcecode.swift; path = ExerciseView.swift; sourceTree = "<group>"; };
		D3F496722BBD65BD008FB68B /* TimerView.swift */ = {isa = PBXFileReference; lastKnownFileType = sourcecode.swift; path = TimerView.swift; sourceTree = "<group>"; };
		D3F496742BBD86B4008FB68B /* TimedStepModel.swift */ = {isa = PBXFileReference; lastKnownFileType = sourcecode.swift; path = TimedStepModel.swift; sourceTree = "<group>"; };
		D3F496762BBDF4E4008FB68B /* workoutRoutine_real.json */ = {isa = PBXFileReference; fileEncoding = 4; lastKnownFileType = text.json; path = workoutRoutine_real.json; sourceTree = "<group>"; };
/* End PBXFileReference section */

/* Begin PBXFrameworksBuildPhase section */
		D3B59BBE2BC96E47007A9782 /* Frameworks */ = {
			isa = PBXFrameworksBuildPhase;
			buildActionMask = 2147483647;
			files = (
			);
			runOnlyForDeploymentPostprocessing = 0;
		};
		D3F4963F2BB6D22A008FB68B /* Frameworks */ = {
			isa = PBXFrameworksBuildPhase;
			buildActionMask = 2147483647;
			files = (
			);
			runOnlyForDeploymentPostprocessing = 0;
		};
/* End PBXFrameworksBuildPhase section */

/* Begin PBXGroup section */
		D3B59BC22BC96E47007A9782 /* Training Tracker Tests */ = {
			isa = PBXGroup;
			children = (
				D3B59BE02BD2D44A007A9782 /* Model */,
				D3B59BCE2BC96FEA007A9782 /* Controller */,
			);
			path = "Training Tracker Tests";
			sourceTree = "<group>";
		};
		D3B59BCB2BC96F87007A9782 /* Controller */ = {
			isa = PBXGroup;
			children = (
				D3B59BCC2BC96FB9007A9782 /* AppLifecycleController.swift */,
				D3B59BD12BD10F33007A9782 /* RoutineController.swift */,
				D3B59BD52BD1884E007A9782 /* TimerController.swift */,
			);
			path = Controller;
			sourceTree = "<group>";
		};
		D3B59BCE2BC96FEA007A9782 /* Controller */ = {
			isa = PBXGroup;
			children = (
				D3B59BCF2BC97025007A9782 /* AppLifecycleControllerTest.swift */,
				D3B59BDC2BD2BBA5007A9782 /* TimerControllerTest.swift */,
			);
			path = Controller;
			sourceTree = "<group>";
		};
		D3B59BD92BD2A60D007A9782 /* Timer */ = {
			isa = PBXGroup;
			children = (
				D3B59BDA2BD2A62D007A9782 /* PeriodicTimer.swift */,
			);
			path = Timer;
			sourceTree = "<group>";
		};
		D3B59BE02BD2D44A007A9782 /* Model */ = {
			isa = PBXGroup;
			children = (
				D3B59BE12BD2D45E007A9782 /* StepTest.swift */,
			);
			path = Model;
			sourceTree = "<group>";
		};
		D3F496392BB6D22A008FB68B = {
			isa = PBXGroup;
			children = (
				D3F496442BB6D22A008FB68B /* Training Tracker */,
				D3B59BC22BC96E47007A9782 /* Training Tracker Tests */,
				D3F496432BB6D22A008FB68B /* Products */,
			);
			sourceTree = "<group>";
		};
		D3F496432BB6D22A008FB68B /* Products */ = {
			isa = PBXGroup;
			children = (
				D3F496422BB6D22A008FB68B /* Training Tracker.app */,
				D3B59BC12BC96E47007A9782 /* Training Tracker Tests.xctest */,
			);
			name = Products;
			sourceTree = "<group>";
		};
		D3F496442BB6D22A008FB68B /* Training Tracker */ = {
			isa = PBXGroup;
			children = (
				D3B59BD92BD2A60D007A9782 /* Timer */,
				D3B59BCB2BC96F87007A9782 /* Controller */,
				D3F496652BB85410008FB68B /* Views */,
				D3F4965E2BB70214008FB68B /* Resources */,
				D3F496592BB6E9B2008FB68B /* Model */,
				D3F496492BB6D23F008FB68B /* Assets.xcassets */,
				D3F4964B2BB6D23F008FB68B /* Preview Content */,
				D3F496552BB6E4A1008FB68B /* TrainingApp.swift */,
			);
			path = "Training Tracker";
			sourceTree = "<group>";
		};
		D3F4964B2BB6D23F008FB68B /* Preview Content */ = {
			isa = PBXGroup;
			children = (
				D3F4964C2BB6D23F008FB68B /* Preview Assets.xcassets */,
			);
			path = "Preview Content";
			sourceTree = "<group>";
		};
		D3F496592BB6E9B2008FB68B /* Model */ = {
			isa = PBXGroup;
			children = (
				D3F496612BB75B4B008FB68B /* JsonSchemas.swift */,
				D3F496632BB83EFF008FB68B /* RoutineModel.swift */,
				D3F496742BBD86B4008FB68B /* TimedStepModel.swift */,
				D3B59BB72BC427CF007A9782 /* AppLifecycleModel.swift */,
				D3B59BDE2BD2D3E8007A9782 /* Step.swift */,
			);
			path = Model;
			sourceTree = "<group>";
		};
		D3F4965E2BB70214008FB68B /* Resources */ = {
			isa = PBXGroup;
			children = (
				D3F496762BBDF4E4008FB68B /* workoutRoutine_real.json */,
				D3F4965F2BB7029E008FB68B /* workoutRoutine.json */,
				D35553A42BD7DDD0003981D0 /* workoutRoutine_flo.json */,
			);
			path = Resources;
			sourceTree = "<group>";
		};
		D3F496652BB85410008FB68B /* Views */ = {
			isa = PBXGroup;
			children = (
				D3F496472BB6D22A008FB68B /* TrainingView.swift */,
				D3F4966E2BBC434F008FB68B /* ExerciseView.swift */,
				D3F496722BBD65BD008FB68B /* TimerView.swift */,
				D3B59BB32BC41ABF007A9782 /* StartTrainingView.swift */,
				D3B59BB52BC42641007A9782 /* TrainingButtonView.swift */,
				D3B59BB92BC43572007A9782 /* TrainingCompletedView.swift */,
				D3B59BBB2BC435FB007A9782 /* TrainingLifecycleView.swift */,
				D3B431F12BD2FD8700D24555 /* RepsView.swift */,
			);
			path = Views;
			sourceTree = "<group>";
		};
/* End PBXGroup section */

/* Begin PBXNativeTarget section */
		D3B59BC02BC96E47007A9782 /* Training Tracker Tests */ = {
			isa = PBXNativeTarget;
			buildConfigurationList = D3B59BC72BC96E47007A9782 /* Build configuration list for PBXNativeTarget "Training Tracker Tests" */;
			buildPhases = (
				D3B59BBD2BC96E47007A9782 /* Sources */,
				D3B59BBE2BC96E47007A9782 /* Frameworks */,
				D3B59BBF2BC96E47007A9782 /* Resources */,
			);
			buildRules = (
			);
			dependencies = (
				D3B59BC62BC96E47007A9782 /* PBXTargetDependency */,
			);
			name = "Training Tracker Tests";
			productName = "Training Tracker Tests";
			productReference = D3B59BC12BC96E47007A9782 /* Training Tracker Tests.xctest */;
			productType = "com.apple.product-type.bundle.unit-test";
		};
		D3F496412BB6D22A008FB68B /* Training Tracker */ = {
			isa = PBXNativeTarget;
			buildConfigurationList = D3F496502BB6D23F008FB68B /* Build configuration list for PBXNativeTarget "Training Tracker" */;
			buildPhases = (
				D3F4963E2BB6D22A008FB68B /* Sources */,
				D3F4963F2BB6D22A008FB68B /* Frameworks */,
				D3F496402BB6D22A008FB68B /* Resources */,
			);
			buildRules = (
			);
			dependencies = (
			);
			name = "Training Tracker";
			productName = "Training Tracker";
			productReference = D3F496422BB6D22A008FB68B /* Training Tracker.app */;
			productType = "com.apple.product-type.application";
		};
/* End PBXNativeTarget section */

/* Begin PBXProject section */
		D3F4963A2BB6D22A008FB68B /* Project object */ = {
			isa = PBXProject;
			attributes = {
				BuildIndependentTargetsInParallel = 1;
				LastSwiftUpdateCheck = 1520;
				LastUpgradeCheck = 1520;
				TargetAttributes = {
					D3B59BC02BC96E47007A9782 = {
						CreatedOnToolsVersion = 15.2;
						TestTargetID = D3F496412BB6D22A008FB68B;
					};
					D3F496412BB6D22A008FB68B = {
						CreatedOnToolsVersion = 15.2;
					};
				};
			};
			buildConfigurationList = D3F4963D2BB6D22A008FB68B /* Build configuration list for PBXProject "Training Tracker" */;
			compatibilityVersion = "Xcode 14.0";
			developmentRegion = en;
			hasScannedForEncodings = 0;
			knownRegions = (
				en,
				Base,
			);
			mainGroup = D3F496392BB6D22A008FB68B;
			productRefGroup = D3F496432BB6D22A008FB68B /* Products */;
			projectDirPath = "";
			projectRoot = "";
			targets = (
				D3F496412BB6D22A008FB68B /* Training Tracker */,
				D3B59BC02BC96E47007A9782 /* Training Tracker Tests */,
			);
		};
/* End PBXProject section */

/* Begin PBXResourcesBuildPhase section */
		D3B59BBF2BC96E47007A9782 /* Resources */ = {
			isa = PBXResourcesBuildPhase;
			buildActionMask = 2147483647;
			files = (
			);
			runOnlyForDeploymentPostprocessing = 0;
		};
		D3F496402BB6D22A008FB68B /* Resources */ = {
			isa = PBXResourcesBuildPhase;
			buildActionMask = 2147483647;
			files = (
				D3F496772BBDF4E4008FB68B /* workoutRoutine_real.json in Resources */,
				D3F496602BB7029E008FB68B /* workoutRoutine.json in Resources */,
				D3F4964D2BB6D23F008FB68B /* Preview Assets.xcassets in Resources */,
				D3F4964A2BB6D23F008FB68B /* Assets.xcassets in Resources */,
				D35553A52BD7DDD0003981D0 /* workoutRoutine_flo.json in Resources */,
			);
			runOnlyForDeploymentPostprocessing = 0;
		};
/* End PBXResourcesBuildPhase section */

/* Begin PBXSourcesBuildPhase section */
		D3B59BBD2BC96E47007A9782 /* Sources */ = {
			isa = PBXSourcesBuildPhase;
			buildActionMask = 2147483647;
			files = (
				D3B59BD02BC97025007A9782 /* AppLifecycleControllerTest.swift in Sources */,
				D3B59BDD2BD2BBA5007A9782 /* TimerControllerTest.swift in Sources */,
				D3B59BE22BD2D45E007A9782 /* StepTest.swift in Sources */,
			);
			runOnlyForDeploymentPostprocessing = 0;
		};
		D3F4963E2BB6D22A008FB68B /* Sources */ = {
			isa = PBXSourcesBuildPhase;
			buildActionMask = 2147483647;
			files = (
				D3F496752BBD86B4008FB68B /* TimedStepModel.swift in Sources */,
				D3B59BBA2BC43572007A9782 /* TrainingCompletedView.swift in Sources */,
				D3B59BDF2BD2D3E8007A9782 /* Step.swift in Sources */,
				D3F496562BB6E4A1008FB68B /* TrainingApp.swift in Sources */,
				D3B431F22BD2FD8700D24555 /* RepsView.swift in Sources */,
				D3B59BB42BC41ABF007A9782 /* StartTrainingView.swift in Sources */,
				D3F496642BB83EFF008FB68B /* RoutineModel.swift in Sources */,
				D3F496622BB75B4B008FB68B /* JsonSchemas.swift in Sources */,
				D3B59BBC2BC435FB007A9782 /* TrainingLifecycleView.swift in Sources */,
				D3B59BD62BD1884E007A9782 /* TimerController.swift in Sources */,
				D3F4966F2BBC434F008FB68B /* ExerciseView.swift in Sources */,
				D3B59BDB2BD2A62D007A9782 /* PeriodicTimer.swift in Sources */,
				D3B59BB82BC427CF007A9782 /* AppLifecycleModel.swift in Sources */,
				D3B59BB62BC42641007A9782 /* TrainingButtonView.swift in Sources */,
				D3B59BD22BD10F33007A9782 /* RoutineController.swift in Sources */,
				D3F496482BB6D22A008FB68B /* TrainingView.swift in Sources */,
				D3F496732BBD65BD008FB68B /* TimerView.swift in Sources */,
				D3B59BCD2BC96FB9007A9782 /* AppLifecycleController.swift in Sources */,
			);
			runOnlyForDeploymentPostprocessing = 0;
		};
/* End PBXSourcesBuildPhase section */

/* Begin PBXTargetDependency section */
		D3B59BC62BC96E47007A9782 /* PBXTargetDependency */ = {
			isa = PBXTargetDependency;
			target = D3F496412BB6D22A008FB68B /* Training Tracker */;
			targetProxy = D3B59BC52BC96E47007A9782 /* PBXContainerItemProxy */;
		};
/* End PBXTargetDependency section */

/* Begin XCBuildConfiguration section */
		D3B59BC82BC96E47007A9782 /* Debug */ = {
			isa = XCBuildConfiguration;
			buildSettings = {
				BUNDLE_LOADER = "$(TEST_HOST)";
				CODE_SIGN_STYLE = Automatic;
				CURRENT_PROJECT_VERSION = 1;
				DEVELOPMENT_TEAM = K7XK8HM9WR;
				GENERATE_INFOPLIST_FILE = YES;
				MARKETING_VERSION = 1.0;
				PRODUCT_BUNDLE_IDENTIFIER = "com.adpl.Training-Tracker-Tests";
				PRODUCT_NAME = "$(TARGET_NAME)";
				SWIFT_EMIT_LOC_STRINGS = NO;
				SWIFT_VERSION = 5.0;
				TARGETED_DEVICE_FAMILY = "1,2";
				TEST_HOST = "$(BUILT_PRODUCTS_DIR)/Training Tracker.app/$(BUNDLE_EXECUTABLE_FOLDER_PATH)/Training Tracker";
			};
			name = Debug;
		};
		D3B59BC92BC96E47007A9782 /* Release */ = {
			isa = XCBuildConfiguration;
			buildSettings = {
				BUNDLE_LOADER = "$(TEST_HOST)";
				CODE_SIGN_STYLE = Automatic;
				CURRENT_PROJECT_VERSION = 1;
				DEVELOPMENT_TEAM = K7XK8HM9WR;
				GENERATE_INFOPLIST_FILE = YES;
				MARKETING_VERSION = 1.0;
				PRODUCT_BUNDLE_IDENTIFIER = "com.adpl.Training-Tracker-Tests";
				PRODUCT_NAME = "$(TARGET_NAME)";
				SWIFT_EMIT_LOC_STRINGS = NO;
				SWIFT_VERSION = 5.0;
				TARGETED_DEVICE_FAMILY = "1,2";
				TEST_HOST = "$(BUILT_PRODUCTS_DIR)/Training Tracker.app/$(BUNDLE_EXECUTABLE_FOLDER_PATH)/Training Tracker";
			};
			name = Release;
		};
		D3F4964E2BB6D23F008FB68B /* Debug */ = {
			isa = XCBuildConfiguration;
			buildSettings = {
				ALWAYS_SEARCH_USER_PATHS = NO;
				ASSETCATALOG_COMPILER_GENERATE_SWIFT_ASSET_SYMBOL_EXTENSIONS = YES;
				CLANG_ANALYZER_NONNULL = YES;
				CLANG_ANALYZER_NUMBER_OBJECT_CONVERSION = YES_AGGRESSIVE;
				CLANG_CXX_LANGUAGE_STANDARD = "gnu++20";
				CLANG_ENABLE_MODULES = YES;
				CLANG_ENABLE_OBJC_ARC = YES;
				CLANG_ENABLE_OBJC_WEAK = YES;
				CLANG_WARN_BLOCK_CAPTURE_AUTORELEASING = YES;
				CLANG_WARN_BOOL_CONVERSION = YES;
				CLANG_WARN_COMMA = YES;
				CLANG_WARN_CONSTANT_CONVERSION = YES;
				CLANG_WARN_DEPRECATED_OBJC_IMPLEMENTATIONS = YES;
				CLANG_WARN_DIRECT_OBJC_ISA_USAGE = YES_ERROR;
				CLANG_WARN_DOCUMENTATION_COMMENTS = YES;
				CLANG_WARN_EMPTY_BODY = YES;
				CLANG_WARN_ENUM_CONVERSION = YES;
				CLANG_WARN_INFINITE_RECURSION = YES;
				CLANG_WARN_INT_CONVERSION = YES;
				CLANG_WARN_NON_LITERAL_NULL_CONVERSION = YES;
				CLANG_WARN_OBJC_IMPLICIT_RETAIN_SELF = YES;
				CLANG_WARN_OBJC_LITERAL_CONVERSION = YES;
				CLANG_WARN_OBJC_ROOT_CLASS = YES_ERROR;
				CLANG_WARN_QUOTED_INCLUDE_IN_FRAMEWORK_HEADER = YES;
				CLANG_WARN_RANGE_LOOP_ANALYSIS = YES;
				CLANG_WARN_STRICT_PROTOTYPES = YES;
				CLANG_WARN_SUSPICIOUS_MOVE = YES;
				CLANG_WARN_UNGUARDED_AVAILABILITY = YES_AGGRESSIVE;
				CLANG_WARN_UNREACHABLE_CODE = YES;
				CLANG_WARN__DUPLICATE_METHOD_MATCH = YES;
				COPY_PHASE_STRIP = NO;
				DEBUG_INFORMATION_FORMAT = dwarf;
				ENABLE_STRICT_OBJC_MSGSEND = YES;
				ENABLE_TESTABILITY = YES;
				ENABLE_USER_SCRIPT_SANDBOXING = YES;
				GCC_C_LANGUAGE_STANDARD = gnu17;
				GCC_DYNAMIC_NO_PIC = NO;
				GCC_NO_COMMON_BLOCKS = YES;
				GCC_OPTIMIZATION_LEVEL = 0;
				GCC_PREPROCESSOR_DEFINITIONS = (
					"DEBUG=1",
					"$(inherited)",
				);
				GCC_WARN_64_TO_32_BIT_CONVERSION = YES;
				GCC_WARN_ABOUT_RETURN_TYPE = YES_ERROR;
				GCC_WARN_UNDECLARED_SELECTOR = YES;
				GCC_WARN_UNINITIALIZED_AUTOS = YES_AGGRESSIVE;
				GCC_WARN_UNUSED_FUNCTION = YES;
				GCC_WARN_UNUSED_VARIABLE = YES;
				IPHONEOS_DEPLOYMENT_TARGET = 17.2;
				LOCALIZATION_PREFERS_STRING_CATALOGS = YES;
				MTL_ENABLE_DEBUG_INFO = INCLUDE_SOURCE;
				MTL_FAST_MATH = YES;
				ONLY_ACTIVE_ARCH = YES;
				SDKROOT = iphoneos;
				SWIFT_ACTIVE_COMPILATION_CONDITIONS = "DEBUG $(inherited)";
				SWIFT_OPTIMIZATION_LEVEL = "-Onone";
			};
			name = Debug;
		};
		D3F4964F2BB6D23F008FB68B /* Release */ = {
			isa = XCBuildConfiguration;
			buildSettings = {
				ALWAYS_SEARCH_USER_PATHS = NO;
				ASSETCATALOG_COMPILER_GENERATE_SWIFT_ASSET_SYMBOL_EXTENSIONS = YES;
				CLANG_ANALYZER_NONNULL = YES;
				CLANG_ANALYZER_NUMBER_OBJECT_CONVERSION = YES_AGGRESSIVE;
				CLANG_CXX_LANGUAGE_STANDARD = "gnu++20";
				CLANG_ENABLE_MODULES = YES;
				CLANG_ENABLE_OBJC_ARC = YES;
				CLANG_ENABLE_OBJC_WEAK = YES;
				CLANG_WARN_BLOCK_CAPTURE_AUTORELEASING = YES;
				CLANG_WARN_BOOL_CONVERSION = YES;
				CLANG_WARN_COMMA = YES;
				CLANG_WARN_CONSTANT_CONVERSION = YES;
				CLANG_WARN_DEPRECATED_OBJC_IMPLEMENTATIONS = YES;
				CLANG_WARN_DIRECT_OBJC_ISA_USAGE = YES_ERROR;
				CLANG_WARN_DOCUMENTATION_COMMENTS = YES;
				CLANG_WARN_EMPTY_BODY = YES;
				CLANG_WARN_ENUM_CONVERSION = YES;
				CLANG_WARN_INFINITE_RECURSION = YES;
				CLANG_WARN_INT_CONVERSION = YES;
				CLANG_WARN_NON_LITERAL_NULL_CONVERSION = YES;
				CLANG_WARN_OBJC_IMPLICIT_RETAIN_SELF = YES;
				CLANG_WARN_OBJC_LITERAL_CONVERSION = YES;
				CLANG_WARN_OBJC_ROOT_CLASS = YES_ERROR;
				CLANG_WARN_QUOTED_INCLUDE_IN_FRAMEWORK_HEADER = YES;
				CLANG_WARN_RANGE_LOOP_ANALYSIS = YES;
				CLANG_WARN_STRICT_PROTOTYPES = YES;
				CLANG_WARN_SUSPICIOUS_MOVE = YES;
				CLANG_WARN_UNGUARDED_AVAILABILITY = YES_AGGRESSIVE;
				CLANG_WARN_UNREACHABLE_CODE = YES;
				CLANG_WARN__DUPLICATE_METHOD_MATCH = YES;
				COPY_PHASE_STRIP = NO;
				DEBUG_INFORMATION_FORMAT = "dwarf-with-dsym";
				ENABLE_NS_ASSERTIONS = NO;
				ENABLE_STRICT_OBJC_MSGSEND = YES;
				ENABLE_USER_SCRIPT_SANDBOXING = YES;
				GCC_C_LANGUAGE_STANDARD = gnu17;
				GCC_NO_COMMON_BLOCKS = YES;
				GCC_WARN_64_TO_32_BIT_CONVERSION = YES;
				GCC_WARN_ABOUT_RETURN_TYPE = YES_ERROR;
				GCC_WARN_UNDECLARED_SELECTOR = YES;
				GCC_WARN_UNINITIALIZED_AUTOS = YES_AGGRESSIVE;
				GCC_WARN_UNUSED_FUNCTION = YES;
				GCC_WARN_UNUSED_VARIABLE = YES;
				IPHONEOS_DEPLOYMENT_TARGET = 17.2;
				LOCALIZATION_PREFERS_STRING_CATALOGS = YES;
				MTL_ENABLE_DEBUG_INFO = NO;
				MTL_FAST_MATH = YES;
				SDKROOT = iphoneos;
				SWIFT_COMPILATION_MODE = wholemodule;
				VALIDATE_PRODUCT = YES;
			};
			name = Release;
		};
		D3F496512BB6D23F008FB68B /* Debug */ = {
			isa = XCBuildConfiguration;
			buildSettings = {
				ASSETCATALOG_COMPILER_APPICON_NAME = AppIcon;
				ASSETCATALOG_COMPILER_GLOBAL_ACCENT_COLOR_NAME = AccentColor;
				CODE_SIGN_STYLE = Automatic;
				CURRENT_PROJECT_VERSION = 1;
				DEVELOPMENT_ASSET_PATHS = "\"Training Tracker/Preview Content\"";
				DEVELOPMENT_TEAM = K7XK8HM9WR;
				ENABLE_PREVIEWS = YES;
				GENERATE_INFOPLIST_FILE = YES;
				INFOPLIST_KEY_UIApplicationSceneManifest_Generation = YES;
				INFOPLIST_KEY_UIApplicationSupportsIndirectInputEvents = YES;
				INFOPLIST_KEY_UILaunchScreen_Generation = YES;
				INFOPLIST_KEY_UISupportedInterfaceOrientations_iPad = "UIInterfaceOrientationPortrait UIInterfaceOrientationPortraitUpsideDown UIInterfaceOrientationLandscapeLeft UIInterfaceOrientationLandscapeRight";
				INFOPLIST_KEY_UISupportedInterfaceOrientations_iPhone = "UIInterfaceOrientationPortrait UIInterfaceOrientationLandscapeLeft UIInterfaceOrientationLandscapeRight";
				LD_RUNPATH_SEARCH_PATHS = (
					"$(inherited)",
					"@executable_path/Frameworks",
				);
				MARKETING_VERSION = 1.0;
				PRODUCT_BUNDLE_IDENTIFIER = "com.adpl.Training-Tracker";
				PRODUCT_NAME = "$(TARGET_NAME)";
				SWIFT_EMIT_LOC_STRINGS = YES;
				SWIFT_VERSION = 5.0;
				TARGETED_DEVICE_FAMILY = "1,2";
			};
			name = Debug;
		};
		D3F496522BB6D23F008FB68B /* Release */ = {
			isa = XCBuildConfiguration;
			buildSettings = {
				ASSETCATALOG_COMPILER_APPICON_NAME = AppIcon;
				ASSETCATALOG_COMPILER_GLOBAL_ACCENT_COLOR_NAME = AccentColor;
				CODE_SIGN_STYLE = Automatic;
				CURRENT_PROJECT_VERSION = 1;
				DEVELOPMENT_ASSET_PATHS = "\"Training Tracker/Preview Content\"";
				DEVELOPMENT_TEAM = K7XK8HM9WR;
				ENABLE_PREVIEWS = YES;
				GENERATE_INFOPLIST_FILE = YES;
				INFOPLIST_KEY_UIApplicationSceneManifest_Generation = YES;
				INFOPLIST_KEY_UIApplicationSupportsIndirectInputEvents = YES;
				INFOPLIST_KEY_UILaunchScreen_Generation = YES;
				INFOPLIST_KEY_UISupportedInterfaceOrientations_iPad = "UIInterfaceOrientationPortrait UIInterfaceOrientationPortraitUpsideDown UIInterfaceOrientationLandscapeLeft UIInterfaceOrientationLandscapeRight";
				INFOPLIST_KEY_UISupportedInterfaceOrientations_iPhone = "UIInterfaceOrientationPortrait UIInterfaceOrientationLandscapeLeft UIInterfaceOrientationLandscapeRight";
				LD_RUNPATH_SEARCH_PATHS = (
					"$(inherited)",
					"@executable_path/Frameworks",
				);
				MARKETING_VERSION = 1.0;
				PRODUCT_BUNDLE_IDENTIFIER = "com.adpl.Training-Tracker";
				PRODUCT_NAME = "$(TARGET_NAME)";
				SWIFT_EMIT_LOC_STRINGS = YES;
				SWIFT_VERSION = 5.0;
				TARGETED_DEVICE_FAMILY = "1,2";
			};
			name = Release;
		};
/* End XCBuildConfiguration section */

/* Begin XCConfigurationList section */
		D3B59BC72BC96E47007A9782 /* Build configuration list for PBXNativeTarget "Training Tracker Tests" */ = {
			isa = XCConfigurationList;
			buildConfigurations = (
				D3B59BC82BC96E47007A9782 /* Debug */,
				D3B59BC92BC96E47007A9782 /* Release */,
			);
			defaultConfigurationIsVisible = 0;
			defaultConfigurationName = Release;
		};
		D3F4963D2BB6D22A008FB68B /* Build configuration list for PBXProject "Training Tracker" */ = {
			isa = XCConfigurationList;
			buildConfigurations = (
				D3F4964E2BB6D23F008FB68B /* Debug */,
				D3F4964F2BB6D23F008FB68B /* Release */,
			);
			defaultConfigurationIsVisible = 0;
			defaultConfigurationName = Release;
		};
		D3F496502BB6D23F008FB68B /* Build configuration list for PBXNativeTarget "Training Tracker" */ = {
			isa = XCConfigurationList;
			buildConfigurations = (
				D3F496512BB6D23F008FB68B /* Debug */,
				D3F496522BB6D23F008FB68B /* Release */,
			);
			defaultConfigurationIsVisible = 0;
			defaultConfigurationName = Release;
		};
/* End XCConfigurationList section */
	};
	rootObject = D3F4963A2BB6D22A008FB68B /* Project object */;
}
